
Microsoft Visual Studio Solution File, Format Version 12.00
# Visual Studio Version 17
VisualStudioVersion = 17.5.33530.505
MinimumVisualStudioVersion = 10.0.40219.1
Project("{FAE04EC0-301F-11D3-BF4B-00C04F79EFBC}") = "Stadium Seating", "Stadium Seating.csproj", "{241E6282-524A-4BA7-A486-D0231E21E3FB}"
EndProject
Global
	GlobalSection(SolutionConfigurationPlatforms) = preSolution
		Debug|Any CPU = Debug|Any CPU
		Release|Any CPU = Release|Any CPU
	EndGlobalSection
	GlobalSection(ProjectConfigurationPlatforms) = postSolution
		{241E6282-524A-4BA7-A486-D0231E21E3FB}.Debug|Any CPU.ActiveCfg = Debug|Any CPU
		{241E6282-524A-4BA7-A486-D0231E21E3FB}.Debug|Any CPU.Build.0 = Debug|Any CPU
		{241E6282-524A-4BA7-A486-D0231E21E3FB}.Release|Any CPU.ActiveCfg = Release|Any CPU
		{241E6282-524A-4BA7-A486-D0231E21E3FB}.Release|Any CPU.Build.0 = Release|Any CPU
	EndGlobalSection
	GlobalSection(SolutionProperties) = preSolution
		HideSolutionNode = FALSE
	EndGlobalSection
	GlobalSection(ExtensibilityGlobals) = postSolution
		SolutionGuid = {A07151CF-A322-4B19-83A7-D669157028F5}
	EndGlobalSection
EndGlobal
